
Microsoft Visual Studio Solution File, Format Version 12.00
# Visual Studio Version 17
VisualStudioVersion = 17.4.33205.214
MinimumVisualStudioVersion = 10.0.40219.1
Project("{FAE04EC0-301F-11D3-BF4B-00C04F79EFBC}") = "29_30_CuaHangSach", "29_30_CuaHangSach.csproj", "{52843890-2F47-414D-AAC4-8A3571C7E769}"
EndProject
Global
	GlobalSection(SolutionConfigurationPlatforms) = preSolution
		Debug|Any CPU = Debug|Any CPU
		Release|Any CPU = Release|Any CPU
	EndGlobalSection
	GlobalSection(ProjectConfigurationPlatforms) = postSolution
		{52843890-2F47-414D-AAC4-8A3571C7E769}.Debug|Any CPU.ActiveCfg = Debug|Any CPU
		{52843890-2F47-414D-AAC4-8A3571C7E769}.Debug|Any CPU.Build.0 = Debug|Any CPU
		{52843890-2F47-414D-AAC4-8A3571C7E769}.Release|Any CPU.ActiveCfg = Release|Any CPU
		{52843890-2F47-414D-AAC4-8A3571C7E769}.Release|Any CPU.Build.0 = Release|Any CPU
	EndGlobalSection
	GlobalSection(SolutionProperties) = preSolution
		HideSolutionNode = FALSE
	EndGlobalSection
	GlobalSection(ExtensibilityGlobals) = postSolution
		SolutionGuid = {6F45BC6E-E548-4619-83D1-DF29DD94E93B}
	EndGlobalSection
EndGlobal
